// !$*UTF8*$!
{
	archiveVersion = 1;
	classes = {
	};
	objectVersion = 46;
	objects = {

/* Begin PBXBuildFile section */
		84A38E431BDE141A00795F54 /* p1.jpg in Resources */ = {isa = PBXBuildFile; fileRef = 84A38E201BDE141A00795F54 /* p1.jpg */; };
		84A38E441BDE141A00795F54 /* p2.jpg in Resources */ = {isa = PBXBuildFile; fileRef = 84A38E211BDE141A00795F54 /* p2.jpg */; };
		84A38E451BDE141A00795F54 /* p3.jpg in Resources */ = {isa = PBXBuildFile; fileRef = 84A38E221BDE141A00795F54 /* p3.jpg */; };
		84A38E461BDE141A00795F54 /* p4.jpg in Resources */ = {isa = PBXBuildFile; fileRef = 84A38E231BDE141A00795F54 /* p4.jpg */; };
		84A38E471BDE141A00795F54 /* p5.jpg in Resources */ = {isa = PBXBuildFile; fileRef = 84A38E241BDE141A00795F54 /* p5.jpg */; };
		84A38E481BDE141A00795F54 /* p6.jpg in Resources */ = {isa = PBXBuildFile; fileRef = 84A38E251BDE141A00795F54 /* p6.jpg */; };
		84A38E491BDE141A00795F54 /* p7.jpg in Resources */ = {isa = PBXBuildFile; fileRef = 84A38E261BDE141A00795F54 /* p7.jpg */; };
		84A38E4A1BDE141A00795F54 /* p8.jpg in Resources */ = {isa = PBXBuildFile; fileRef = 84A38E271BDE141A00795F54 /* p8.jpg */; };
		84A38E4B1BDE141A00795F54 /* p9.jpg in Resources */ = {isa = PBXBuildFile; fileRef = 84A38E281BDE141A00795F54 /* p9.jpg */; };
		84A38E4C1BDE141A00795F54 /* p10.jpg in Resources */ = {isa = PBXBuildFile; fileRef = 84A38E291BDE141A00795F54 /* p10.jpg */; };
		84A38E4D1BDE141A00795F54 /* p11.jpg in Resources */ = {isa = PBXBuildFile; fileRef = 84A38E2A1BDE141A00795F54 /* p11.jpg */; };
		84A38E4E1BDE141A00795F54 /* p12.jpg in Resources */ = {isa = PBXBuildFile; fileRef = 84A38E2B1BDE141A00795F54 /* p12.jpg */; };
		84A38E4F1BDE141A00795F54 /* p13.jpg in Resources */ = {isa = PBXBuildFile; fileRef = 84A38E2C1BDE141A00795F54 /* p13.jpg */; };
		84A38E501BDE141A00795F54 /* p14.jpg in Resources */ = {isa = PBXBuildFile; fileRef = 84A38E2D1BDE141A00795F54 /* p14.jpg */; };
		84A38E511BDE141A00795F54 /* p15.jpg in Resources */ = {isa = PBXBuildFile; fileRef = 84A38E2E1BDE141A00795F54 /* p15.jpg */; };
		84A38E521BDE141A00795F54 /* p16.jpg in Resources */ = {isa = PBXBuildFile; fileRef = 84A38E2F1BDE141A00795F54 /* p16.jpg */; };
		84A38E531BDE141A00795F54 /* p17.jpg in Resources */ = {isa = PBXBuildFile; fileRef = 84A38E301BDE141A00795F54 /* p17.jpg */; };
		84A38E541BDE141A00795F54 /* p18.jpg in Resources */ = {isa = PBXBuildFile; fileRef = 84A38E311BDE141A00795F54 /* p18.jpg */; };
		84A38E551BDE141A00795F54 /* p19.jpg in Resources */ = {isa = PBXBuildFile; fileRef = 84A38E321BDE141A00795F54 /* p19.jpg */; };
		84A38E561BDE141A00795F54 /* p20.jpg in Resources */ = {isa = PBXBuildFile; fileRef = 84A38E331BDE141A00795F54 /* p20.jpg */; };
		84A38E571BDE141A00795F54 /* p21.jpg in Resources */ = {isa = PBXBuildFile; fileRef = 84A38E341BDE141A00795F54 /* p21.jpg */; };
		84A38E581BDE141A00795F54 /* p22.jpg in Resources */ = {isa = PBXBuildFile; fileRef = 84A38E351BDE141A00795F54 /* p22.jpg */; };
		84A38E591BDE141A00795F54 /* p23.jpg in Resources */ = {isa = PBXBuildFile; fileRef = 84A38E361BDE141A00795F54 /* p23.jpg */; };
		84A38E5A1BDE141A00795F54 /* p24.jpg in Resources */ = {isa = PBXBuildFile; fileRef = 84A38E371BDE141A00795F54 /* p24.jpg */; };
		84A38E5B1BDE141A00795F54 /* p25.jpg in Resources */ = {isa = PBXBuildFile; fileRef = 84A38E381BDE141A00795F54 /* p25.jpg */; };
		84A38E5C1BDE141A00795F54 /* p26.jpg in Resources */ = {isa = PBXBuildFile; fileRef = 84A38E391BDE141A00795F54 /* p26.jpg */; };
		84A38E5D1BDE141A00795F54 /* p27.jpg in Resources */ = {isa = PBXBuildFile; fileRef = 84A38E3A1BDE141A00795F54 /* p27.jpg */; };
		84A38E5E1BDE141A00795F54 /* p28.jpg in Resources */ = {isa = PBXBuildFile; fileRef = 84A38E3B1BDE141A00795F54 /* p28.jpg */; };
		84A38E5F1BDE141A00795F54 /* p29.jpg in Resources */ = {isa = PBXBuildFile; fileRef = 84A38E3C1BDE141A00795F54 /* p29.jpg */; };
		84A38E601BDE141A00795F54 /* p30.jpg in Resources */ = {isa = PBXBuildFile; fileRef = 84A38E3D1BDE141A00795F54 /* p30.jpg */; };
		84A38E611BDE141A00795F54 /* p31.jpg in Resources */ = {isa = PBXBuildFile; fileRef = 84A38E3E1BDE141A00795F54 /* p31.jpg */; };
		84A38E621BDE141A00795F54 /* p32.jpg in Resources */ = {isa = PBXBuildFile; fileRef = 84A38E3F1BDE141A00795F54 /* p32.jpg */; };
		84A38E631BDE141A00795F54 /* p33.jpg in Resources */ = {isa = PBXBuildFile; fileRef = 84A38E401BDE141A00795F54 /* p33.jpg */; };
		84A38E641BDE141A00795F54 /* p34.jpg in Resources */ = {isa = PBXBuildFile; fileRef = 84A38E411BDE141A00795F54 /* p34.jpg */; };
		84A38E651BDE141A00795F54 /* p35.jpg in Resources */ = {isa = PBXBuildFile; fileRef = 84A38E421BDE141A00795F54 /* p35.jpg */; };
		84A38E671BDE1FF100795F54 /* ps.jpg in Resources */ = {isa = PBXBuildFile; fileRef = 84A38E661BDE1FF100795F54 /* ps.jpg */; };
		84A38E691BDE240700795F54 /* 33.html in Resources */ = {isa = PBXBuildFile; fileRef = 84A38E681BDE240700795F54 /* 33.html */; };
		84A4E3231BD9EDF80036EAA3 /* 1.html in Resources */ = {isa = PBXBuildFile; fileRef = 84A4E3021BD9EDF80036EAA3 /* 1.html */; };
		84A4E3241BD9EDF80036EAA3 /* 2.html in Resources */ = {isa = PBXBuildFile; fileRef = 84A4E3031BD9EDF80036EAA3 /* 2.html */; };
		84A4E3251BD9EDF80036EAA3 /* 3.html in Resources */ = {isa = PBXBuildFile; fileRef = 84A4E3041BD9EDF80036EAA3 /* 3.html */; };
		84A4E3261BD9EDF80036EAA3 /* 4.html in Resources */ = {isa = PBXBuildFile; fileRef = 84A4E3051BD9EDF80036EAA3 /* 4.html */; };
		84A4E3271BD9EDF80036EAA3 /* 5.html in Resources */ = {isa = PBXBuildFile; fileRef = 84A4E3061BD9EDF80036EAA3 /* 5.html */; };
		84A4E3281BD9EDF80036EAA3 /* 6.html in Resources */ = {isa = PBXBuildFile; fileRef = 84A4E3071BD9EDF80036EAA3 /* 6.html */; };
		84A4E3291BD9EDF80036EAA3 /* 7.html in Resources */ = {isa = PBXBuildFile; fileRef = 84A4E3081BD9EDF80036EAA3 /* 7.html */; };
		84A4E32A1BD9EDF80036EAA3 /* 8.html in Resources */ = {isa = PBXBuildFile; fileRef = 84A4E3091BD9EDF80036EAA3 /* 8.html */; };
		84A4E32B1BD9EDF80036EAA3 /* 9.html in Resources */ = {isa = PBXBuildFile; fileRef = 84A4E30A1BD9EDF80036EAA3 /* 9.html */; };
		84A4E32C1BD9EDF80036EAA3 /* 10.html in Resources */ = {isa = PBXBuildFile; fileRef = 84A4E30B1BD9EDF80036EAA3 /* 10.html */; };
		84A4E32D1BD9EDF80036EAA3 /* 11.html in Resources */ = {isa = PBXBuildFile; fileRef = 84A4E30C1BD9EDF80036EAA3 /* 11.html */; };
		84A4E32E1BD9EDF80036EAA3 /* 12.html in Resources */ = {isa = PBXBuildFile; fileRef = 84A4E30D1BD9EDF80036EAA3 /* 12.html */; };
		84A4E32F1BD9EDF80036EAA3 /* 13.html in Resources */ = {isa = PBXBuildFile; fileRef = 84A4E30E1BD9EDF80036EAA3 /* 13.html */; };
		84A4E3301BD9EDF80036EAA3 /* 14.html in Resources */ = {isa = PBXBuildFile; fileRef = 84A4E30F1BD9EDF80036EAA3 /* 14.html */; };
		84A4E3311BD9EDF80036EAA3 /* 15.html in Resources */ = {isa = PBXBuildFile; fileRef = 84A4E3101BD9EDF80036EAA3 /* 15.html */; };
		84A4E3321BD9EDF80036EAA3 /* 16.html in Resources */ = {isa = PBXBuildFile; fileRef = 84A4E3111BD9EDF80036EAA3 /* 16.html */; };
		84A4E3331BD9EDF80036EAA3 /* 17.html in Resources */ = {isa = PBXBuildFile; fileRef = 84A4E3121BD9EDF80036EAA3 /* 17.html */; };
		84A4E3341BD9EDF80036EAA3 /* 18.html in Resources */ = {isa = PBXBuildFile; fileRef = 84A4E3131BD9EDF80036EAA3 /* 18.html */; };
		84A4E3351BD9EDF80036EAA3 /* 19.html in Resources */ = {isa = PBXBuildFile; fileRef = 84A4E3141BD9EDF80036EAA3 /* 19.html */; };
		84A4E3361BD9EDF80036EAA3 /* 20.html in Resources */ = {isa = PBXBuildFile; fileRef = 84A4E3151BD9EDF80036EAA3 /* 20.html */; };
		84A4E3371BD9EDF80036EAA3 /* 21.html in Resources */ = {isa = PBXBuildFile; fileRef = 84A4E3161BD9EDF80036EAA3 /* 21.html */; };
		84A4E3381BD9EDF80036EAA3 /* 22.html in Resources */ = {isa = PBXBuildFile; fileRef = 84A4E3171BD9EDF80036EAA3 /* 22.html */; };
		84A4E3391BD9EDF80036EAA3 /* 23.html in Resources */ = {isa = PBXBuildFile; fileRef = 84A4E3181BD9EDF80036EAA3 /* 23.html */; };
		84A4E33A1BD9EDF80036EAA3 /* 24.html in Resources */ = {isa = PBXBuildFile; fileRef = 84A4E3191BD9EDF80036EAA3 /* 24.html */; };
		84A4E33B1BD9EDF80036EAA3 /* 25.html in Resources */ = {isa = PBXBuildFile; fileRef = 84A4E31A1BD9EDF80036EAA3 /* 25.html */; };
		84A4E33C1BD9EDF80036EAA3 /* 26.html in Resources */ = {isa = PBXBuildFile; fileRef = 84A4E31B1BD9EDF80036EAA3 /* 26.html */; };
		84A4E33D1BD9EDF80036EAA3 /* 27.html in Resources */ = {isa = PBXBuildFile; fileRef = 84A4E31C1BD9EDF80036EAA3 /* 27.html */; };
		84A4E33E1BD9EDF80036EAA3 /* 28.html in Resources */ = {isa = PBXBuildFile; fileRef = 84A4E31D1BD9EDF80036EAA3 /* 28.html */; };
		84A4E33F1BD9EDF80036EAA3 /* 29.html in Resources */ = {isa = PBXBuildFile; fileRef = 84A4E31E1BD9EDF80036EAA3 /* 29.html */; };
		84A4E3401BD9EDF80036EAA3 /* 30.html in Resources */ = {isa = PBXBuildFile; fileRef = 84A4E31F1BD9EDF80036EAA3 /* 30.html */; };
		84A4E3411BD9EDF80036EAA3 /* 31.html in Resources */ = {isa = PBXBuildFile; fileRef = 84A4E3201BD9EDF80036EAA3 /* 31.html */; };
		84A4E3421BD9EDF80036EAA3 /* 32.html in Resources */ = {isa = PBXBuildFile; fileRef = 84A4E3211BD9EDF80036EAA3 /* 32.html */; };
		84A4E3431BD9EDF80036EAA3 /* lifeof_2ndlevel.gif in Resources */ = {isa = PBXBuildFile; fileRef = 84A4E3221BD9EDF80036EAA3 /* lifeof_2ndlevel.gif */; };
		84A4E3451BDA34980036EAA3 /* top.png in Resources */ = {isa = PBXBuildFile; fileRef = 84A4E3441BDA34980036EAA3 /* top.png */; };
		84A5008E1BA269350092D279 /* AmazonAd.framework in Frameworks */ = {isa = PBXBuildFile; fileRef = 84A5008D1BA269350092D279 /* AmazonAd.framework */; };
		84A500901BA269E30092D279 /* CoreLocation.framework in Frameworks */ = {isa = PBXBuildFile; fileRef = 84A5008F1BA269E30092D279 /* CoreLocation.framework */; };
		84A500931BA26A100092D279 /* EventKit.framework in Frameworks */ = {isa = PBXBuildFile; fileRef = 84A500911BA26A100092D279 /* EventKit.framework */; };
		84A500941BA26A100092D279 /* EventKitUI.framework in Frameworks */ = {isa = PBXBuildFile; fileRef = 84A500921BA26A100092D279 /* EventKitUI.framework */; };
		84A599201B5CCEFB00123092 /* GoogleMobileAds.framework in Frameworks */ = {isa = PBXBuildFile; fileRef = 84A5991F1B5CCEFB00123092 /* GoogleMobileAds.framework */; };
		84A6B3D91B8D792D00426D60 /* UIKit.framework in Frameworks */ = {isa = PBXBuildFile; fileRef = 84A6B3D81B8D792D00426D60 /* UIKit.framework */; };
		84A6B3DB1B8D793400426D60 /* CoreGraphics.framework in Frameworks */ = {isa = PBXBuildFile; fileRef = 84A6B3DA1B8D793400426D60 /* CoreGraphics.framework */; };
		84A6B3DD1B8D793A00426D60 /* Foundation.framework in Frameworks */ = {isa = PBXBuildFile; fileRef = 84A6B3DC1B8D793A00426D60 /* Foundation.framework */; };
		84A6B3DF1B8D793F00426D60 /* AdSupport.framework in Frameworks */ = {isa = PBXBuildFile; fileRef = 84A6B3DE1B8D793F00426D60 /* AdSupport.framework */; };
		84A6B3E11B8D794900426D60 /* CoreMotion.framework in Frameworks */ = {isa = PBXBuildFile; fileRef = 84A6B3E01B8D794900426D60 /* CoreMotion.framework */; };
		84A6B3E31B8D794F00426D60 /* StoreKit.framework in Frameworks */ = {isa = PBXBuildFile; fileRef = 84A6B3E21B8D794F00426D60 /* StoreKit.framework */; };
		84A6B3E51B8D795700426D60 /* libz.dylib in Frameworks */ = {isa = PBXBuildFile; fileRef = 84A6B3E41B8D795700426D60 /* libz.dylib */; };
		84A6B3E71B8D795B00426D60 /* AVFoundation.framework in Frameworks */ = {isa = PBXBuildFile; fileRef = 84A6B3E61B8D795B00426D60 /* AVFoundation.framework */; };
		84A6B3E91B8D796100426D60 /* CoreTelephony.framework in Frameworks */ = {isa = PBXBuildFile; fileRef = 84A6B3E81B8D796100426D60 /* CoreTelephony.framework */; };
		84A6B3EB1B8D796900426D60 /* SystemConfiguration.framework in Frameworks */ = {isa = PBXBuildFile; fileRef = 84A6B3EA1B8D796900426D60 /* SystemConfiguration.framework */; };
		84A6B3ED1B8D797300426D60 /* CoreMedia.framework in Frameworks */ = {isa = PBXBuildFile; fileRef = 84A6B3EC1B8D797300426D60 /* CoreMedia.framework */; };
		84A6B3EF1B8D797D00426D60 /* libc++.dylib in Frameworks */ = {isa = PBXBuildFile; fileRef = 84A6B3EE1B8D797D00426D60 /* libc++.dylib */; };
		84A6B3F11B8D798300426D60 /* MediaPlayer.framework in Frameworks */ = {isa = PBXBuildFile; fileRef = 84A6B3F01B8D798300426D60 /* MediaPlayer.framework */; };
		84A880E71B99868100354A36 /* libAP_SDK-1.4.a in Frameworks */ = {isa = PBXBuildFile; fileRef = 84A880E61B99868100354A36 /* libAP_SDK-1.4.a */; };
		84A880EB1B9988C800354A36 /* WebKit.framework in Frameworks */ = {isa = PBXBuildFile; fileRef = 84A880EA1B9988C800354A36 /* WebKit.framework */; };
		84A880ED1B9988D700354A36 /* MessageUI.framework in Frameworks */ = {isa = PBXBuildFile; fileRef = 84A880EC1B9988D700354A36 /* MessageUI.framework */; };
		84A880EF1B9988E300354A36 /* ImageIO.framework in Frameworks */ = {isa = PBXBuildFile; fileRef = 84A880EE1B9988E300354A36 /* ImageIO.framework */; };
		84A880F11B9988F300354A36 /* CoreText.framework in Frameworks */ = {isa = PBXBuildFile; fileRef = 84A880F01B9988F300354A36 /* CoreText.framework */; };
		84A880F31B9988FD00354A36 /* CFNetwork.framework in Frameworks */ = {isa = PBXBuildFile; fileRef = 84A880F21B9988FD00354A36 /* CFNetwork.framework */; };
		84A880F51B99890800354A36 /* AudioToolbox.framework in Frameworks */ = {isa = PBXBuildFile; fileRef = 84A880F41B99890800354A36 /* AudioToolbox.framework */; };
		960FF70E1B3B981F0054CE79 /* b1.png in Resources */ = {isa = PBXBuildFile; fileRef = 960FF70D1B3B981F0054CE79 /* b1.png */; };
		965895A01B21971A00D854FF /* AppDelegate.swift in Sources */ = {isa = PBXBuildFile; fileRef = 9658959F1B21971A00D854FF /* AppDelegate.swift */; };
		965895A21B21971A00D854FF /* ViewController.swift in Sources */ = {isa = PBXBuildFile; fileRef = 965895A11B21971A00D854FF /* ViewController.swift */; };
		965895A51B21971A00D854FF /* Main.storyboard in Resources */ = {isa = PBXBuildFile; fileRef = 965895A31B21971A00D854FF /* Main.storyboard */; };
		965895A71B21971A00D854FF /* Images.xcassets in Resources */ = {isa = PBXBuildFile; fileRef = 965895A61B21971A00D854FF /* Images.xcassets */; };
		965895AA1B21971A00D854FF /* LaunchScreen.xib in Resources */ = {isa = PBXBuildFile; fileRef = 965895A81B21971A00D854FF /* LaunchScreen.xib */; };
		965895B61B21971B00D854FF /* Buddha2Tests.swift in Sources */ = {isa = PBXBuildFile; fileRef = 965895B51B21971B00D854FF /* Buddha2Tests.swift */; };
		965895C51B21AA5400D854FF /* DetailViewController.swift in Sources */ = {isa = PBXBuildFile; fileRef = 965895C41B21AA5400D854FF /* DetailViewController.swift */; };
		965895C71B26BD1E00D854FF /* WebDetailViewController.swift in Sources */ = {isa = PBXBuildFile; fileRef = 965895C61B26BD1E00D854FF /* WebDetailViewController.swift */; };
		965895C91B26BE4600D854FF /* Varialbes.swift in Sources */ = {isa = PBXBuildFile; fileRef = 965895C81B26BE4600D854FF /* Varialbes.swift */; };
		965895CB1B26D3D200D854FF /* Data.swift in Sources */ = {isa = PBXBuildFile; fileRef = 965895CA1B26D3D200D854FF /* Data.swift */; };
		965895CD1B26DB7300D854FF /* icon1.png in Resources */ = {isa = PBXBuildFile; fileRef = 965895CC1B26DB7300D854FF /* icon1.png */; };
		96ECAE401B2A8C3500551B52 /* vothuong.html in Resources */ = {isa = PBXBuildFile; fileRef = 96ECAE3F1B2A8C3500551B52 /* vothuong.html */; };
		96ECAE461B2AA9F900551B52 /* icon9.png in Resources */ = {isa = PBXBuildFile; fileRef = 96ECAE411B2AA9F900551B52 /* icon9.png */; };
		96ECAE471B2AA9F900551B52 /* icon10.png in Resources */ = {isa = PBXBuildFile; fileRef = 96ECAE421B2AA9F900551B52 /* icon10.png */; };
		96ECAE481B2AA9F900551B52 /* icon11.png in Resources */ = {isa = PBXBuildFile; fileRef = 96ECAE431B2AA9F900551B52 /* icon11.png */; };
		96ECAE491B2AA9F900551B52 /* icon12.png in Resources */ = {isa = PBXBuildFile; fileRef = 96ECAE441B2AA9F900551B52 /* icon12.png */; };
		96ECAE4A1B2AA9F900551B52 /* icon13.png in Resources */ = {isa = PBXBuildFile; fileRef = 96ECAE451B2AA9F900551B52 /* icon13.png */; };
		96F3BA401B294E200004B7E3 /* NhanQua.html in Resources */ = {isa = PBXBuildFile; fileRef = 96F3BA3F1B294E200004B7E3 /* NhanQua.html */; };
		96F3BA451B2953990004B7E3 /* chudaibi.html in Resources */ = {isa = PBXBuildFile; fileRef = 96F3BA431B2953990004B7E3 /* chudaibi.html */; };
		96F3BA461B2953990004B7E3 /* kinhnhanqua.html in Resources */ = {isa = PBXBuildFile; fileRef = 96F3BA441B2953990004B7E3 /* kinhnhanqua.html */; };
		96F3BA4A1B2977ED0004B7E3 /* icon2.png in Resources */ = {isa = PBXBuildFile; fileRef = 96F3BA471B2977ED0004B7E3 /* icon2.png */; };
		96F3BA4B1B2977ED0004B7E3 /* icon3.png in Resources */ = {isa = PBXBuildFile; fileRef = 96F3BA481B2977ED0004B7E3 /* icon3.png */; };
		96F3BA4C1B2977ED0004B7E3 /* icon4.png in Resources */ = {isa = PBXBuildFile; fileRef = 96F3BA491B2977ED0004B7E3 /* icon4.png */; };
		96F3BA511B297D630004B7E3 /* 10congduc.html in Resources */ = {isa = PBXBuildFile; fileRef = 96F3BA4E1B297D630004B7E3 /* 10congduc.html */; };
		96F3BA521B297D630004B7E3 /* 66phatday.html in Resources */ = {isa = PBXBuildFile; fileRef = 96F3BA4F1B297D630004B7E3 /* 66phatday.html */; };
		96F3BA531B297D630004B7E3 /* soluoc.html in Resources */ = {isa = PBXBuildFile; fileRef = 96F3BA501B297D630004B7E3 /* soluoc.html */; };
		96F3BA571B297E200004B7E3 /* icon5.png in Resources */ = {isa = PBXBuildFile; fileRef = 96F3BA541B297E200004B7E3 /* icon5.png */; };
		96F3BA581B297E200004B7E3 /* icon6.png in Resources */ = {isa = PBXBuildFile; fileRef = 96F3BA551B297E200004B7E3 /* icon6.png */; };
		96F3BA591B297E200004B7E3 /* icon7.png in Resources */ = {isa = PBXBuildFile; fileRef = 96F3BA561B297E200004B7E3 /* icon7.png */; };
		96F3BA5B1B297E9A0004B7E3 /* icon8.png in Resources */ = {isa = PBXBuildFile; fileRef = 96F3BA5A1B297E9A0004B7E3 /* icon8.png */; };
/* End PBXBuildFile section */

/* Begin PBXContainerItemProxy section */
		965895B01B21971B00D854FF /* PBXContainerItemProxy */ = {
			isa = PBXContainerItemProxy;
			containerPortal = 965895921B21971A00D854FF /* Project object */;
			proxyType = 1;
			remoteGlobalIDString = 965895991B21971A00D854FF;
			remoteInfo = Buddha2;
		};
/* End PBXContainerItemProxy section */

/* Begin PBXFileReference section */
		84A38E201BDE141A00795F54 /* p1.jpg */ = {isa = PBXFileReference; lastKnownFileType = image.jpeg; name = p1.jpg; path = images/p1.jpg; sourceTree = "<group>"; };
		84A38E211BDE141A00795F54 /* p2.jpg */ = {isa = PBXFileReference; lastKnownFileType = image.jpeg; name = p2.jpg; path = images/p2.jpg; sourceTree = "<group>"; };
		84A38E221BDE141A00795F54 /* p3.jpg */ = {isa = PBXFileReference; lastKnownFileType = image.jpeg; name = p3.jpg; path = images/p3.jpg; sourceTree = "<group>"; };
		84A38E231BDE141A00795F54 /* p4.jpg */ = {isa = PBXFileReference; lastKnownFileType = image.jpeg; name = p4.jpg; path = images/p4.jpg; sourceTree = "<group>"; };
		84A38E241BDE141A00795F54 /* p5.jpg */ = {isa = PBXFileReference; lastKnownFileType = image.jpeg; name = p5.jpg; path = images/p5.jpg; sourceTree = "<group>"; };
		84A38E251BDE141A00795F54 /* p6.jpg */ = {isa = PBXFileReference; lastKnownFileType = image.jpeg; name = p6.jpg; path = images/p6.jpg; sourceTree = "<group>"; };
		84A38E261BDE141A00795F54 /* p7.jpg */ = {isa = PBXFileReference; lastKnownFileType = image.jpeg; name = p7.jpg; path = images/p7.jpg; sourceTree = "<group>"; };
		84A38E271BDE141A00795F54 /* p8.jpg */ = {isa = PBXFileReference; lastKnownFileType = image.jpeg; name = p8.jpg; path = images/p8.jpg; sourceTree = "<group>"; };
		84A38E281BDE141A00795F54 /* p9.jpg */ = {isa = PBXFileReference; lastKnownFileType = image.jpeg; name = p9.jpg; path = images/p9.jpg; sourceTree = "<group>"; };
		84A38E291BDE141A00795F54 /* p10.jpg */ = {isa = PBXFileReference; lastKnownFileType = image.jpeg; name = p10.jpg; path = images/p10.jpg; sourceTree = "<group>"; };
		84A38E2A1BDE141A00795F54 /* p11.jpg */ = {isa = PBXFileReference; lastKnownFileType = image.jpeg; name = p11.jpg; path = images/p11.jpg; sourceTree = "<group>"; };
		84A38E2B1BDE141A00795F54 /* p12.jpg */ = {isa = PBXFileReference; lastKnownFileType = image.jpeg; name = p12.jpg; path = images/p12.jpg; sourceTree = "<group>"; };
		84A38E2C1BDE141A00795F54 /* p13.jpg */ = {isa = PBXFileReference; lastKnownFileType = image.jpeg; name = p13.jpg; path = images/p13.jpg; sourceTree = "<group>"; };
		84A38E2D1BDE141A00795F54 /* p14.jpg */ = {isa = PBXFileReference; lastKnownFileType = image.jpeg; name = p14.jpg; path = images/p14.jpg; sourceTree = "<group>"; };
		84A38E2E1BDE141A00795F54 /* p15.jpg */ = {isa = PBXFileReference; lastKnownFileType = image.jpeg; name = p15.jpg; path = images/p15.jpg; sourceTree = "<group>"; };
		84A38E2F1BDE141A00795F54 /* p16.jpg */ = {isa = PBXFileReference; lastKnownFileType = image.jpeg; name = p16.jpg; path = images/p16.jpg; sourceTree = "<group>"; };
		84A38E301BDE141A00795F54 /* p17.jpg */ = {isa = PBXFileReference; lastKnownFileType = image.jpeg; name = p17.jpg; path = images/p17.jpg; sourceTree = "<group>"; };
		84A38E311BDE141A00795F54 /* p18.jpg */ = {isa = PBXFileReference; lastKnownFileType = image.jpeg; name = p18.jpg; path = images/p18.jpg; sourceTree = "<group>"; };
		84A38E321BDE141A00795F54 /* p19.jpg */ = {isa = PBXFileReference; lastKnownFileType = image.jpeg; name = p19.jpg; path = images/p19.jpg; sourceTree = "<group>"; };
		84A38E331BDE141A00795F54 /* p20.jpg */ = {isa = PBXFileReference; lastKnownFileType = image.jpeg; name = p20.jpg; path = images/p20.jpg; sourceTree = "<group>"; };
		84A38E341BDE141A00795F54 /* p21.jpg */ = {isa = PBXFileReference; lastKnownFileType = image.jpeg; name = p21.jpg; path = images/p21.jpg; sourceTree = "<group>"; };
		84A38E351BDE141A00795F54 /* p22.jpg */ = {isa = PBXFileReference; lastKnownFileType = image.jpeg; name = p22.jpg; path = images/p22.jpg; sourceTree = "<group>"; };
		84A38E361BDE141A00795F54 /* p23.jpg */ = {isa = PBXFileReference; lastKnownFileType = image.jpeg; name = p23.jpg; path = images/p23.jpg; sourceTree = "<group>"; };
		84A38E371BDE141A00795F54 /* p24.jpg */ = {isa = PBXFileReference; lastKnownFileType = image.jpeg; name = p24.jpg; path = images/p24.jpg; sourceTree = "<group>"; };
		84A38E381BDE141A00795F54 /* p25.jpg */ = {isa = PBXFileReference; lastKnownFileType = image.jpeg; name = p25.jpg; path = images/p25.jpg; sourceTree = "<group>"; };
		84A38E391BDE141A00795F54 /* p26.jpg */ = {isa = PBXFileReference; lastKnownFileType = image.jpeg; name = p26.jpg; path = images/p26.jpg; sourceTree = "<group>"; };
		84A38E3A1BDE141A00795F54 /* p27.jpg */ = {isa = PBXFileReference; lastKnownFileType = image.jpeg; name = p27.jpg; path = images/p27.jpg; sourceTree = "<group>"; };
		84A38E3B1BDE141A00795F54 /* p28.jpg */ = {isa = PBXFileReference; lastKnownFileType = image.jpeg; name = p28.jpg; path = images/p28.jpg; sourceTree = "<group>"; };
		84A38E3C1BDE141A00795F54 /* p29.jpg */ = {isa = PBXFileReference; lastKnownFileType = image.jpeg; name = p29.jpg; path = images/p29.jpg; sourceTree = "<group>"; };
		84A38E3D1BDE141A00795F54 /* p30.jpg */ = {isa = PBXFileReference; lastKnownFileType = image.jpeg; name = p30.jpg; path = images/p30.jpg; sourceTree = "<group>"; };
		84A38E3E1BDE141A00795F54 /* p31.jpg */ = {isa = PBXFileReference; lastKnownFileType = image.jpeg; name = p31.jpg; path = images/p31.jpg; sourceTree = "<group>"; };
		84A38E3F1BDE141A00795F54 /* p32.jpg */ = {isa = PBXFileReference; lastKnownFileType = image.jpeg; name = p32.jpg; path = images/p32.jpg; sourceTree = "<group>"; };
		84A38E401BDE141A00795F54 /* p33.jpg */ = {isa = PBXFileReference; lastKnownFileType = image.jpeg; name = p33.jpg; path = images/p33.jpg; sourceTree = "<group>"; };
		84A38E411BDE141A00795F54 /* p34.jpg */ = {isa = PBXFileReference; lastKnownFileType = image.jpeg; name = p34.jpg; path = images/p34.jpg; sourceTree = "<group>"; };
		84A38E421BDE141A00795F54 /* p35.jpg */ = {isa = PBXFileReference; lastKnownFileType = image.jpeg; name = p35.jpg; path = images/p35.jpg; sourceTree = "<group>"; };
		84A38E661BDE1FF100795F54 /* ps.jpg */ = {isa = PBXFileReference; lastKnownFileType = image.jpeg; name = ps.jpg; path = images/ps.jpg; sourceTree = "<group>"; };
		84A38E681BDE240700795F54 /* 33.html */ = {isa = PBXFileReference; fileEncoding = 4; lastKnownFileType = text.html; name = 33.html; path = BuddhaLife/33.html; sourceTree = "<group>"; };
		84A4E3021BD9EDF80036EAA3 /* 1.html */ = {isa = PBXFileReference; fileEncoding = 4; lastKnownFileType = text.html; name = 1.html; path = BuddhaLife/1.html; sourceTree = "<group>"; };
		84A4E3031BD9EDF80036EAA3 /* 2.html */ = {isa = PBXFileReference; fileEncoding = 4; lastKnownFileType = text.html; name = 2.html; path = BuddhaLife/2.html; sourceTree = "<group>"; };
		84A4E3041BD9EDF80036EAA3 /* 3.html */ = {isa = PBXFileReference; fileEncoding = 4; lastKnownFileType = text.html; name = 3.html; path = BuddhaLife/3.html; sourceTree = "<group>"; };
		84A4E3051BD9EDF80036EAA3 /* 4.html */ = {isa = PBXFileReference; fileEncoding = 4; lastKnownFileType = text.html; name = 4.html; path = BuddhaLife/4.html; sourceTree = "<group>"; };
		84A4E3061BD9EDF80036EAA3 /* 5.html */ = {isa = PBXFileReference; fileEncoding = 4; lastKnownFileType = text.html; name = 5.html; path = BuddhaLife/5.html; sourceTree = "<group>"; };
		84A4E3071BD9EDF80036EAA3 /* 6.html */ = {isa = PBXFileReference; fileEncoding = 4; lastKnownFileType = text.html; name = 6.html; path = BuddhaLife/6.html; sourceTree = "<group>"; };
		84A4E3081BD9EDF80036EAA3 /* 7.html */ = {isa = PBXFileReference; fileEncoding = 4; lastKnownFileType = text.html; name = 7.html; path = BuddhaLife/7.html; sourceTree = "<group>"; };
		84A4E3091BD9EDF80036EAA3 /* 8.html */ = {isa = PBXFileReference; fileEncoding = 4; lastKnownFileType = text.html; name = 8.html; path = BuddhaLife/8.html; sourceTree = "<group>"; };
		84A4E30A1BD9EDF80036EAA3 /* 9.html */ = {isa = PBXFileReference; fileEncoding = 4; lastKnownFileType = text.html; name = 9.html; path = BuddhaLife/9.html; sourceTree = "<group>"; };
		84A4E30B1BD9EDF80036EAA3 /* 10.html */ = {isa = PBXFileReference; fileEncoding = 4; lastKnownFileType = text.html; name = 10.html; path = BuddhaLife/10.html; sourceTree = "<group>"; };
		84A4E30C1BD9EDF80036EAA3 /* 11.html */ = {isa = PBXFileReference; fileEncoding = 4; lastKnownFileType = text.html; name = 11.html; path = BuddhaLife/11.html; sourceTree = "<group>"; };
		84A4E30D1BD9EDF80036EAA3 /* 12.html */ = {isa = PBXFileReference; fileEncoding = 4; lastKnownFileType = text.html; name = 12.html; path = BuddhaLife/12.html; sourceTree = "<group>"; };
		84A4E30E1BD9EDF80036EAA3 /* 13.html */ = {isa = PBXFileReference; fileEncoding = 4; lastKnownFileType = text.html; name = 13.html; path = BuddhaLife/13.html; sourceTree = "<group>"; };
		84A4E30F1BD9EDF80036EAA3 /* 14.html */ = {isa = PBXFileReference; fileEncoding = 4; lastKnownFileType = text.html; name = 14.html; path = BuddhaLife/14.html; sourceTree = "<group>"; };
		84A4E3101BD9EDF80036EAA3 /* 15.html */ = {isa = PBXFileReference; fileEncoding = 4; lastKnownFileType = text.html; name = 15.html; path = BuddhaLife/15.html; sourceTree = "<group>"; };
		84A4E3111BD9EDF80036EAA3 /* 16.html */ = {isa = PBXFileReference; fileEncoding = 4; lastKnownFileType = text.html; name = 16.html; path = BuddhaLife/16.html; sourceTree = "<group>"; };
		84A4E3121BD9EDF80036EAA3 /* 17.html */ = {isa = PBXFileReference; fileEncoding = 4; lastKnownFileType = text.html; name = 17.html; path = BuddhaLife/17.html; sourceTree = "<group>"; };
		84A4E3131BD9EDF80036EAA3 /* 18.html */ = {isa = PBXFileReference; fileEncoding = 4; lastKnownFileType = text.html; name = 18.html; path = BuddhaLife/18.html; sourceTree = "<group>"; };
		84A4E3141BD9EDF80036EAA3 /* 19.html */ = {isa = PBXFileReference; fileEncoding = 4; lastKnownFileType = text.html; name = 19.html; path = BuddhaLife/19.html; sourceTree = "<group>"; };
		84A4E3151BD9EDF80036EAA3 /* 20.html */ = {isa = PBXFileReference; fileEncoding = 4; lastKnownFileType = text.html; name = 20.html; path = BuddhaLife/20.html; sourceTree = "<group>"; };
		84A4E3161BD9EDF80036EAA3 /* 21.html */ = {isa = PBXFileReference; fileEncoding = 4; lastKnownFileType = text.html; name = 21.html; path = BuddhaLife/21.html; sourceTree = "<group>"; };
		84A4E3171BD9EDF80036EAA3 /* 22.html */ = {isa = PBXFileReference; fileEncoding = 4; lastKnownFileType = text.html; name = 22.html; path = BuddhaLife/22.html; sourceTree = "<group>"; };
		84A4E3181BD9EDF80036EAA3 /* 23.html */ = {isa = PBXFileReference; fileEncoding = 4; lastKnownFileType = text.html; name = 23.html; path = BuddhaLife/23.html; sourceTree = "<group>"; };
		84A4E3191BD9EDF80036EAA3 /* 24.html */ = {isa = PBXFileReference; fileEncoding = 4; lastKnownFileType = text.html; name = 24.html; path = BuddhaLife/24.html; sourceTree = "<group>"; };
		84A4E31A1BD9EDF80036EAA3 /* 25.html */ = {isa = PBXFileReference; fileEncoding = 4; lastKnownFileType = text.html; name = 25.html; path = BuddhaLife/25.html; sourceTree = "<group>"; };
		84A4E31B1BD9EDF80036EAA3 /* 26.html */ = {isa = PBXFileReference; fileEncoding = 4; lastKnownFileType = text.html; name = 26.html; path = BuddhaLife/26.html; sourceTree = "<group>"; };
		84A4E31C1BD9EDF80036EAA3 /* 27.html */ = {isa = PBXFileReference; fileEncoding = 4; lastKnownFileType = text.html; name = 27.html; path = BuddhaLife/27.html; sourceTree = "<group>"; };
		84A4E31D1BD9EDF80036EAA3 /* 28.html */ = {isa = PBXFileReference; fileEncoding = 4; lastKnownFileType = text.html; name = 28.html; path = BuddhaLife/28.html; sourceTree = "<group>"; };
		84A4E31E1BD9EDF80036EAA3 /* 29.html */ = {isa = PBXFileReference; fileEncoding = 4; lastKnownFileType = text.html; name = 29.html; path = BuddhaLife/29.html; sourceTree = "<group>"; };
		84A4E31F1BD9EDF80036EAA3 /* 30.html */ = {isa = PBXFileReference; fileEncoding = 4; lastKnownFileType = text.html; name = 30.html; path = BuddhaLife/30.html; sourceTree = "<group>"; };
		84A4E3201BD9EDF80036EAA3 /* 31.html */ = {isa = PBXFileReference; fileEncoding = 4; lastKnownFileType = text.html; name = 31.html; path = BuddhaLife/31.html; sourceTree = "<group>"; };
		84A4E3211BD9EDF80036EAA3 /* 32.html */ = {isa = PBXFileReference; fileEncoding = 4; lastKnownFileType = text.html; name = 32.html; path = BuddhaLife/32.html; sourceTree = "<group>"; };
		84A4E3221BD9EDF80036EAA3 /* lifeof_2ndlevel.gif */ = {isa = PBXFileReference; lastKnownFileType = image.gif; name = lifeof_2ndlevel.gif; path = BuddhaLife/lifeof_2ndlevel.gif; sourceTree = "<group>"; };
		84A4E3441BDA34980036EAA3 /* top.png */ = {isa = PBXFileReference; lastKnownFileType = image.png; name = top.png; path = BuddhaLife/top.png; sourceTree = "<group>"; };
		84A5008D1BA269350092D279 /* AmazonAd.framework */ = {isa = PBXFileReference; lastKnownFileType = wrapper.framework; path = AmazonAd.framework; sourceTree = "<group>"; };
		84A5008F1BA269E30092D279 /* CoreLocation.framework */ = {isa = PBXFileReference; lastKnownFileType = wrapper.framework; name = CoreLocation.framework; path = System/Library/Frameworks/CoreLocation.framework; sourceTree = SDKROOT; };
		84A500911BA26A100092D279 /* EventKit.framework */ = {isa = PBXFileReference; lastKnownFileType = wrapper.framework; name = EventKit.framework; path = System/Library/Frameworks/EventKit.framework; sourceTree = SDKROOT; };
		84A500921BA26A100092D279 /* EventKitUI.framework */ = {isa = PBXFileReference; lastKnownFileType = wrapper.framework; name = EventKitUI.framework; path = System/Library/Frameworks/EventKitUI.framework; sourceTree = SDKROOT; };
		84A5991F1B5CCEFB00123092 /* GoogleMobileAds.framework */ = {isa = PBXFileReference; lastKnownFileType = wrapper.framework; path = GoogleMobileAds.framework; sourceTree = "<group>"; };
		84A6B3D31B8ABF2A00426D60 /* vuonhoa-Bridging-header.h */ = {isa = PBXFileReference; lastKnownFileType = sourcecode.c.h; path = "vuonhoa-Bridging-header.h"; sourceTree = "<group>"; };
		84A6B3D81B8D792D00426D60 /* UIKit.framework */ = {isa = PBXFileReference; lastKnownFileType = wrapper.framework; name = UIKit.framework; path = System/Library/Frameworks/UIKit.framework; sourceTree = SDKROOT; };
		84A6B3DA1B8D793400426D60 /* CoreGraphics.framework */ = {isa = PBXFileReference; lastKnownFileType = wrapper.framework; name = CoreGraphics.framework; path = System/Library/Frameworks/CoreGraphics.framework; sourceTree = SDKROOT; };
		84A6B3DC1B8D793A00426D60 /* Foundation.framework */ = {isa = PBXFileReference; lastKnownFileType = wrapper.framework; name = Foundation.framework; path = System/Library/Frameworks/Foundation.framework; sourceTree = SDKROOT; };
		84A6B3DE1B8D793F00426D60 /* AdSupport.framework */ = {isa = PBXFileReference; lastKnownFileType = wrapper.framework; name = AdSupport.framework; path = System/Library/Frameworks/AdSupport.framework; sourceTree = SDKROOT; };
		84A6B3E01B8D794900426D60 /* CoreMotion.framework */ = {isa = PBXFileReference; lastKnownFileType = wrapper.framework; name = CoreMotion.framework; path = System/Library/Frameworks/CoreMotion.framework; sourceTree = SDKROOT; };
		84A6B3E21B8D794F00426D60 /* StoreKit.framework */ = {isa = PBXFileReference; lastKnownFileType = wrapper.framework; name = StoreKit.framework; path = System/Library/Frameworks/StoreKit.framework; sourceTree = SDKROOT; };
		84A6B3E41B8D795700426D60 /* libz.dylib */ = {isa = PBXFileReference; lastKnownFileType = "compiled.mach-o.dylib"; name = libz.dylib; path = usr/lib/libz.dylib; sourceTree = SDKROOT; };
		84A6B3E61B8D795B00426D60 /* AVFoundation.framework */ = {isa = PBXFileReference; lastKnownFileType = wrapper.framework; name = AVFoundation.framework; path = System/Library/Frameworks/AVFoundation.framework; sourceTree = SDKROOT; };
		84A6B3E81B8D796100426D60 /* CoreTelephony.framework */ = {isa = PBXFileReference; lastKnownFileType = wrapper.framework; name = CoreTelephony.framework; path = System/Library/Frameworks/CoreTelephony.framework; sourceTree = SDKROOT; };
		84A6B3EA1B8D796900426D60 /* SystemConfiguration.framework */ = {isa = PBXFileReference; lastKnownFileType = wrapper.framework; name = SystemConfiguration.framework; path = System/Library/Frameworks/SystemConfiguration.framework; sourceTree = SDKROOT; };
		84A6B3EC1B8D797300426D60 /* CoreMedia.framework */ = {isa = PBXFileReference; lastKnownFileType = wrapper.framework; name = CoreMedia.framework; path = System/Library/Frameworks/CoreMedia.framework; sourceTree = SDKROOT; };
		84A6B3EE1B8D797D00426D60 /* libc++.dylib */ = {isa = PBXFileReference; lastKnownFileType = "compiled.mach-o.dylib"; name = "libc++.dylib"; path = "usr/lib/libc++.dylib"; sourceTree = SDKROOT; };
		84A6B3F01B8D798300426D60 /* MediaPlayer.framework */ = {isa = PBXFileReference; lastKnownFileType = wrapper.framework; name = MediaPlayer.framework; path = System/Library/Frameworks/MediaPlayer.framework; sourceTree = SDKROOT; };
		84A880E31B99868100354A36 /* AP_SDK.h */ = {isa = PBXFileReference; fileEncoding = 4; lastKnownFileType = sourcecode.c.h; path = AP_SDK.h; sourceTree = "<group>"; };
		84A880E41B99868100354A36 /* APCallBackDelegate.h */ = {isa = PBXFileReference; fileEncoding = 4; lastKnownFileType = sourcecode.c.h; path = APCallBackDelegate.h; sourceTree = "<group>"; };
		84A880E51B99868100354A36 /* APMediationDelegate.h */ = {isa = PBXFileReference; fileEncoding = 4; lastKnownFileType = sourcecode.c.h; path = APMediationDelegate.h; sourceTree = "<group>"; };
		84A880E61B99868100354A36 /* libAP_SDK-1.4.a */ = {isa = PBXFileReference; lastKnownFileType = archive.ar; path = "libAP_SDK-1.4.a"; sourceTree = "<group>"; };
		84A880EA1B9988C800354A36 /* WebKit.framework */ = {isa = PBXFileReference; lastKnownFileType = wrapper.framework; name = WebKit.framework; path = System/Library/Frameworks/WebKit.framework; sourceTree = SDKROOT; };
		84A880EC1B9988D700354A36 /* MessageUI.framework */ = {isa = PBXFileReference; lastKnownFileType = wrapper.framework; name = MessageUI.framework; path = System/Library/Frameworks/MessageUI.framework; sourceTree = SDKROOT; };
		84A880EE1B9988E300354A36 /* ImageIO.framework */ = {isa = PBXFileReference; lastKnownFileType = wrapper.framework; name = ImageIO.framework; path = System/Library/Frameworks/ImageIO.framework; sourceTree = SDKROOT; };
		84A880F01B9988F300354A36 /* CoreText.framework */ = {isa = PBXFileReference; lastKnownFileType = wrapper.framework; name = CoreText.framework; path = System/Library/Frameworks/CoreText.framework; sourceTree = SDKROOT; };
		84A880F21B9988FD00354A36 /* CFNetwork.framework */ = {isa = PBXFileReference; lastKnownFileType = wrapper.framework; name = CFNetwork.framework; path = System/Library/Frameworks/CFNetwork.framework; sourceTree = SDKROOT; };
		84A880F41B99890800354A36 /* AudioToolbox.framework */ = {isa = PBXFileReference; lastKnownFileType = wrapper.framework; name = AudioToolbox.framework; path = System/Library/Frameworks/AudioToolbox.framework; sourceTree = SDKROOT; };
		960FF70D1B3B981F0054CE79 /* b1.png */ = {isa = PBXFileReference; lastKnownFileType = image.png; name = b1.png; path = myfiles/b1.png; sourceTree = "<group>"; };
		9658959A1B21971A00D854FF /* LifeOfTheBuddha.app */ = {isa = PBXFileReference; explicitFileType = wrapper.application; includeInIndex = 0; path = LifeOfTheBuddha.app; sourceTree = BUILT_PRODUCTS_DIR; };
		9658959E1B21971A00D854FF /* Info.plist */ = {isa = PBXFileReference; lastKnownFileType = text.plist.xml; path = Info.plist; sourceTree = "<group>"; };
		9658959F1B21971A00D854FF /* AppDelegate.swift */ = {isa = PBXFileReference; lastKnownFileType = sourcecode.swift; path = AppDelegate.swift; sourceTree = "<group>"; };
		965895A11B21971A00D854FF /* ViewController.swift */ = {isa = PBXFileReference; lastKnownFileType = sourcecode.swift; path = ViewController.swift; sourceTree = "<group>"; };
		965895A41B21971A00D854FF /* Base */ = {isa = PBXFileReference; lastKnownFileType = file.storyboard; name = Base; path = Base.lproj/Main.storyboard; sourceTree = "<group>"; };
		965895A61B21971A00D854FF /* Images.xcassets */ = {isa = PBXFileReference; lastKnownFileType = folder.assetcatalog; path = Images.xcassets; sourceTree = "<group>"; };
		965895A91B21971A00D854FF /* Base */ = {isa = PBXFileReference; lastKnownFileType = file.xib; name = Base; path = Base.lproj/LaunchScreen.xib; sourceTree = "<group>"; };
		965895AF1B21971B00D854FF /* LifeOfTheBuddhaTests.xctest */ = {isa = PBXFileReference; explicitFileType = wrapper.cfbundle; includeInIndex = 0; path = LifeOfTheBuddhaTests.xctest; sourceTree = BUILT_PRODUCTS_DIR; };
		965895B41B21971B00D854FF /* Info.plist */ = {isa = PBXFileReference; lastKnownFileType = text.plist.xml; path = Info.plist; sourceTree = "<group>"; };
		965895B51B21971B00D854FF /* Buddha2Tests.swift */ = {isa = PBXFileReference; lastKnownFileType = sourcecode.swift; path = Buddha2Tests.swift; sourceTree = "<group>"; };
		965895C41B21AA5400D854FF /* DetailViewController.swift */ = {isa = PBXFileReference; fileEncoding = 4; lastKnownFileType = sourcecode.swift; name = DetailViewController.swift; path = ../DetailViewController.swift; sourceTree = "<group>"; };
		965895C61B26BD1E00D854FF /* WebDetailViewController.swift */ = {isa = PBXFileReference; fileEncoding = 4; lastKnownFileType = sourcecode.swift; path = WebDetailViewController.swift; sourceTree = "<group>"; };
		965895C81B26BE4600D854FF /* Varialbes.swift */ = {isa = PBXFileReference; fileEncoding = 4; lastKnownFileType = sourcecode.swift; path = Varialbes.swift; sourceTree = "<group>"; };
		965895CA1B26D3D200D854FF /* Data.swift */ = {isa = PBXFileReference; fileEncoding = 4; lastKnownFileType = sourcecode.swift; path = Data.swift; sourceTree = "<group>"; };
		965895CC1B26DB7300D854FF /* icon1.png */ = {isa = PBXFileReference; lastKnownFileType = image.png; path = icon1.png; sourceTree = "<group>"; };
		96ECAE3F1B2A8C3500551B52 /* vothuong.html */ = {isa = PBXFileReference; fileEncoding = 4; lastKnownFileType = text.html; name = vothuong.html; path = myfiles/vothuong.html; sourceTree = "<group>"; };
		96ECAE411B2AA9F900551B52 /* icon9.png */ = {isa = PBXFileReference; lastKnownFileType = image.png; name = icon9.png; path = myfiles/icon9.png; sourceTree = "<group>"; };
		96ECAE421B2AA9F900551B52 /* icon10.png */ = {isa = PBXFileReference; lastKnownFileType = image.png; name = icon10.png; path = myfiles/icon10.png; sourceTree = "<group>"; };
		96ECAE431B2AA9F900551B52 /* icon11.png */ = {isa = PBXFileReference; lastKnownFileType = image.png; name = icon11.png; path = myfiles/icon11.png; sourceTree = "<group>"; };
		96ECAE441B2AA9F900551B52 /* icon12.png */ = {isa = PBXFileReference; lastKnownFileType = image.png; name = icon12.png; path = myfiles/icon12.png; sourceTree = "<group>"; };
		96ECAE451B2AA9F900551B52 /* icon13.png */ = {isa = PBXFileReference; lastKnownFileType = image.png; name = icon13.png; path = myfiles/icon13.png; sourceTree = "<group>"; };
		96F3BA3F1B294E200004B7E3 /* NhanQua.html */ = {isa = PBXFileReference; fileEncoding = 4; lastKnownFileType = text.html; name = NhanQua.html; path = myfiles/NhanQua.html; sourceTree = "<group>"; };
		96F3BA431B2953990004B7E3 /* chudaibi.html */ = {isa = PBXFileReference; fileEncoding = 4; lastKnownFileType = text.html; name = chudaibi.html; path = myfiles/chudaibi.html; sourceTree = "<group>"; };
		96F3BA441B2953990004B7E3 /* kinhnhanqua.html */ = {isa = PBXFileReference; fileEncoding = 4; lastKnownFileType = text.html; name = kinhnhanqua.html; path = myfiles/kinhnhanqua.html; sourceTree = "<group>"; };
		96F3BA471B2977ED0004B7E3 /* icon2.png */ = {isa = PBXFileReference; lastKnownFileType = image.png; name = icon2.png; path = myfiles/icon2.png; sourceTree = "<group>"; };
		96F3BA481B2977ED0004B7E3 /* icon3.png */ = {isa = PBXFileReference; lastKnownFileType = image.png; name = icon3.png; path = myfiles/icon3.png; sourceTree = "<group>"; };
		96F3BA491B2977ED0004B7E3 /* icon4.png */ = {isa = PBXFileReference; lastKnownFileType = image.png; name = icon4.png; path = myfiles/icon4.png; sourceTree = "<group>"; };
		96F3BA4E1B297D630004B7E3 /* 10congduc.html */ = {isa = PBXFileReference; fileEncoding = 4; lastKnownFileType = text.html; name = 10congduc.html; path = myfiles/10congduc.html; sourceTree = "<group>"; };
		96F3BA4F1B297D630004B7E3 /* 66phatday.html */ = {isa = PBXFileReference; fileEncoding = 4; lastKnownFileType = text.html; name = 66phatday.html; path = myfiles/66phatday.html; sourceTree = "<group>"; };
		96F3BA501B297D630004B7E3 /* soluoc.html */ = {isa = PBXFileReference; fileEncoding = 4; lastKnownFileType = text.html; name = soluoc.html; path = myfiles/soluoc.html; sourceTree = "<group>"; };
		96F3BA541B297E200004B7E3 /* icon5.png */ = {isa = PBXFileReference; lastKnownFileType = image.png; name = icon5.png; path = myfiles/icon5.png; sourceTree = "<group>"; };
		96F3BA551B297E200004B7E3 /* icon6.png */ = {isa = PBXFileReference; lastKnownFileType = image.png; name = icon6.png; path = myfiles/icon6.png; sourceTree = "<group>"; };
		96F3BA561B297E200004B7E3 /* icon7.png */ = {isa = PBXFileReference; lastKnownFileType = image.png; name = icon7.png; path = myfiles/icon7.png; sourceTree = "<group>"; };
		96F3BA5A1B297E9A0004B7E3 /* icon8.png */ = {isa = PBXFileReference; lastKnownFileType = image.png; name = icon8.png; path = myfiles/icon8.png; sourceTree = "<group>"; };
/* End PBXFileReference section */

/* Begin PBXFrameworksBuildPhase section */
		965895971B21971A00D854FF /* Frameworks */ = {
			isa = PBXFrameworksBuildPhase;
			buildActionMask = 2147483647;
			files = (
				84A500931BA26A100092D279 /* EventKit.framework in Frameworks */,
				84A500941BA26A100092D279 /* EventKitUI.framework in Frameworks */,
				84A6B3F11B8D798300426D60 /* MediaPlayer.framework in Frameworks */,
				84A500901BA269E30092D279 /* CoreLocation.framework in Frameworks */,
				84A6B3E31B8D794F00426D60 /* StoreKit.framework in Frameworks */,
				84A6B3ED1B8D797300426D60 /* CoreMedia.framework in Frameworks */,
				84A880F51B99890800354A36 /* AudioToolbox.framework in Frameworks */,
				84A880F31B9988FD00354A36 /* CFNetwork.framework in Frameworks */,
				84A880F11B9988F300354A36 /* CoreText.framework in Frameworks */,
				84A6B3E91B8D796100426D60 /* CoreTelephony.framework in Frameworks */,
				84A880EF1B9988E300354A36 /* ImageIO.framework in Frameworks */,
				84A880ED1B9988D700354A36 /* MessageUI.framework in Frameworks */,
				84A880EB1B9988C800354A36 /* WebKit.framework in Frameworks */,
				84A6B3EF1B8D797D00426D60 /* libc++.dylib in Frameworks */,
				84A6B3EB1B8D796900426D60 /* SystemConfiguration.framework in Frameworks */,
				84A6B3E71B8D795B00426D60 /* AVFoundation.framework in Frameworks */,
				84A6B3E51B8D795700426D60 /* libz.dylib in Frameworks */,
				84A5008E1BA269350092D279 /* AmazonAd.framework in Frameworks */,
				84A6B3E11B8D794900426D60 /* CoreMotion.framework in Frameworks */,
				84A6B3DF1B8D793F00426D60 /* AdSupport.framework in Frameworks */,
				84A6B3DD1B8D793A00426D60 /* Foundation.framework in Frameworks */,
				84A880E71B99868100354A36 /* libAP_SDK-1.4.a in Frameworks */,
				84A6B3DB1B8D793400426D60 /* CoreGraphics.framework in Frameworks */,
				84A6B3D91B8D792D00426D60 /* UIKit.framework in Frameworks */,
				84A599201B5CCEFB00123092 /* GoogleMobileAds.framework in Frameworks */,
			);
			runOnlyForDeploymentPostprocessing = 0;
		};
		965895AC1B21971B00D854FF /* Frameworks */ = {
			isa = PBXFrameworksBuildPhase;
			buildActionMask = 2147483647;
			files = (
			);
			runOnlyForDeploymentPostprocessing = 0;
		};
/* End PBXFrameworksBuildPhase section */

/* Begin PBXGroup section */
		84A38E1F1BDE140500795F54 /* images */ = {
			isa = PBXGroup;
			children = (
				84A38E661BDE1FF100795F54 /* ps.jpg */,
				84A38E201BDE141A00795F54 /* p1.jpg */,
				84A38E211BDE141A00795F54 /* p2.jpg */,
				84A38E221BDE141A00795F54 /* p3.jpg */,
				84A38E231BDE141A00795F54 /* p4.jpg */,
				84A38E241BDE141A00795F54 /* p5.jpg */,
				84A38E251BDE141A00795F54 /* p6.jpg */,
				84A38E261BDE141A00795F54 /* p7.jpg */,
				84A38E271BDE141A00795F54 /* p8.jpg */,
				84A38E281BDE141A00795F54 /* p9.jpg */,
				84A38E291BDE141A00795F54 /* p10.jpg */,
				84A38E2A1BDE141A00795F54 /* p11.jpg */,
				84A38E2B1BDE141A00795F54 /* p12.jpg */,
				84A38E2C1BDE141A00795F54 /* p13.jpg */,
				84A38E2D1BDE141A00795F54 /* p14.jpg */,
				84A38E2E1BDE141A00795F54 /* p15.jpg */,
				84A38E2F1BDE141A00795F54 /* p16.jpg */,
				84A38E301BDE141A00795F54 /* p17.jpg */,
				84A38E311BDE141A00795F54 /* p18.jpg */,
				84A38E321BDE141A00795F54 /* p19.jpg */,
				84A38E331BDE141A00795F54 /* p20.jpg */,
				84A38E341BDE141A00795F54 /* p21.jpg */,
				84A38E351BDE141A00795F54 /* p22.jpg */,
				84A38E361BDE141A00795F54 /* p23.jpg */,
				84A38E371BDE141A00795F54 /* p24.jpg */,
				84A38E381BDE141A00795F54 /* p25.jpg */,
				84A38E391BDE141A00795F54 /* p26.jpg */,
				84A38E3A1BDE141A00795F54 /* p27.jpg */,
				84A38E3B1BDE141A00795F54 /* p28.jpg */,
				84A38E3C1BDE141A00795F54 /* p29.jpg */,
				84A38E3D1BDE141A00795F54 /* p30.jpg */,
				84A38E3E1BDE141A00795F54 /* p31.jpg */,
				84A38E3F1BDE141A00795F54 /* p32.jpg */,
				84A38E401BDE141A00795F54 /* p33.jpg */,
				84A38E411BDE141A00795F54 /* p34.jpg */,
				84A38E421BDE141A00795F54 /* p35.jpg */,
			);
			name = images;
			sourceTree = "<group>";
		};
		84A4E3011BD9EDE40036EAA3 /* BuddhaLife */ = {
			isa = PBXGroup;
			children = (
				84A38E681BDE240700795F54 /* 33.html */,
				84A4E3441BDA34980036EAA3 /* top.png */,
				84A4E3021BD9EDF80036EAA3 /* 1.html */,
				84A4E3031BD9EDF80036EAA3 /* 2.html */,
				84A4E3041BD9EDF80036EAA3 /* 3.html */,
				84A4E3051BD9EDF80036EAA3 /* 4.html */,
				84A4E3061BD9EDF80036EAA3 /* 5.html */,
				84A4E3071BD9EDF80036EAA3 /* 6.html */,
				84A4E3081BD9EDF80036EAA3 /* 7.html */,
				84A4E3091BD9EDF80036EAA3 /* 8.html */,
				84A4E30A1BD9EDF80036EAA3 /* 9.html */,
				84A4E30B1BD9EDF80036EAA3 /* 10.html */,
				84A4E30C1BD9EDF80036EAA3 /* 11.html */,
				84A4E30D1BD9EDF80036EAA3 /* 12.html */,
				84A4E30E1BD9EDF80036EAA3 /* 13.html */,
				84A4E30F1BD9EDF80036EAA3 /* 14.html */,
				84A4E3101BD9EDF80036EAA3 /* 15.html */,
				84A4E3111BD9EDF80036EAA3 /* 16.html */,
				84A4E3121BD9EDF80036EAA3 /* 17.html */,
				84A4E3131BD9EDF80036EAA3 /* 18.html */,
				84A4E3141BD9EDF80036EAA3 /* 19.html */,
				84A4E3151BD9EDF80036EAA3 /* 20.html */,
				84A4E3161BD9EDF80036EAA3 /* 21.html */,
				84A4E3171BD9EDF80036EAA3 /* 22.html */,
				84A4E3181BD9EDF80036EAA3 /* 23.html */,
				84A4E3191BD9EDF80036EAA3 /* 24.html */,
				84A4E31A1BD9EDF80036EAA3 /* 25.html */,
				84A4E31B1BD9EDF80036EAA3 /* 26.html */,
				84A4E31C1BD9EDF80036EAA3 /* 27.html */,
				84A4E31D1BD9EDF80036EAA3 /* 28.html */,
				84A4E31E1BD9EDF80036EAA3 /* 29.html */,
				84A4E31F1BD9EDF80036EAA3 /* 30.html */,
				84A4E3201BD9EDF80036EAA3 /* 31.html */,
				84A4E3211BD9EDF80036EAA3 /* 32.html */,
				84A4E3221BD9EDF80036EAA3 /* lifeof_2ndlevel.gif */,
			);
			name = BuddhaLife;
			sourceTree = "<group>";
		};
		84A880E21B99868100354A36 /* Airpush_iOS_SDK_V1.4 */ = {
			isa = PBXGroup;
			children = (
				84A880E31B99868100354A36 /* AP_SDK.h */,
				84A880E41B99868100354A36 /* APCallBackDelegate.h */,
				84A880E51B99868100354A36 /* APMediationDelegate.h */,
				84A880E61B99868100354A36 /* libAP_SDK-1.4.a */,
			);
			path = Airpush_iOS_SDK_V1.4;
			sourceTree = "<group>";
		};
		965895911B21971A00D854FF = {
			isa = PBXGroup;
			children = (
				84A500911BA26A100092D279 /* EventKit.framework */,
				84A500921BA26A100092D279 /* EventKitUI.framework */,
				84A5008F1BA269E30092D279 /* CoreLocation.framework */,
				84A5008D1BA269350092D279 /* AmazonAd.framework */,
				84A880F41B99890800354A36 /* AudioToolbox.framework */,
				84A880F21B9988FD00354A36 /* CFNetwork.framework */,
				84A880F01B9988F300354A36 /* CoreText.framework */,
				84A880EE1B9988E300354A36 /* ImageIO.framework */,
				84A880EC1B9988D700354A36 /* MessageUI.framework */,
				84A880EA1B9988C800354A36 /* WebKit.framework */,
				84A880E21B99868100354A36 /* Airpush_iOS_SDK_V1.4 */,
				84A6B3F01B8D798300426D60 /* MediaPlayer.framework */,
				84A6B3EE1B8D797D00426D60 /* libc++.dylib */,
				84A6B3EC1B8D797300426D60 /* CoreMedia.framework */,
				84A6B3EA1B8D796900426D60 /* SystemConfiguration.framework */,
				84A6B3E81B8D796100426D60 /* CoreTelephony.framework */,
				84A6B3E61B8D795B00426D60 /* AVFoundation.framework */,
				84A6B3E41B8D795700426D60 /* libz.dylib */,
				84A6B3E21B8D794F00426D60 /* StoreKit.framework */,
				84A6B3E01B8D794900426D60 /* CoreMotion.framework */,
				84A6B3DE1B8D793F00426D60 /* AdSupport.framework */,
				84A6B3DC1B8D793A00426D60 /* Foundation.framework */,
				84A6B3DA1B8D793400426D60 /* CoreGraphics.framework */,
				84A6B3D81B8D792D00426D60 /* UIKit.framework */,
				84A6B3D31B8ABF2A00426D60 /* vuonhoa-Bridging-header.h */,
				84A5991F1B5CCEFB00123092 /* GoogleMobileAds.framework */,
				965895CA1B26D3D200D854FF /* Data.swift */,
				965895C81B26BE4600D854FF /* Varialbes.swift */,
				9658959C1B21971A00D854FF /* Buddha2 */,
				965895B21B21971B00D854FF /* Buddha2Tests */,
				9658959B1B21971A00D854FF /* Products */,
			);
			sourceTree = "<group>";
		};
		9658959B1B21971A00D854FF /* Products */ = {
			isa = PBXGroup;
			children = (
				9658959A1B21971A00D854FF /* LifeOfTheBuddha.app */,
				965895AF1B21971B00D854FF /* LifeOfTheBuddhaTests.xctest */,
			);
			name = Products;
			sourceTree = "<group>";
		};
		9658959C1B21971A00D854FF /* Buddha2 */ = {
			isa = PBXGroup;
			children = (
				84A38E1F1BDE140500795F54 /* images */,
				84A4E3011BD9EDE40036EAA3 /* BuddhaLife */,
				96F3BA4D1B2977F60004B7E3 /* html */,
				965895C41B21AA5400D854FF /* DetailViewController.swift */,
				965895C11B21A47700D854FF /* img */,
				9658959F1B21971A00D854FF /* AppDelegate.swift */,
				965895A11B21971A00D854FF /* ViewController.swift */,
				965895A31B21971A00D854FF /* Main.storyboard */,
				965895A61B21971A00D854FF /* Images.xcassets */,
				965895A81B21971A00D854FF /* LaunchScreen.xib */,
				9658959D1B21971A00D854FF /* Supporting Files */,
				965895C61B26BD1E00D854FF /* WebDetailViewController.swift */,
			);
			path = Buddha2;
			sourceTree = "<group>";
		};
		9658959D1B21971A00D854FF /* Supporting Files */ = {
			isa = PBXGroup;
			children = (
				9658959E1B21971A00D854FF /* Info.plist */,
			);
			name = "Supporting Files";
			sourceTree = "<group>";
		};
		965895B21B21971B00D854FF /* Buddha2Tests */ = {
			isa = PBXGroup;
			children = (
				965895B51B21971B00D854FF /* Buddha2Tests.swift */,
				965895B31B21971B00D854FF /* Supporting Files */,
			);
			path = Buddha2Tests;
			sourceTree = "<group>";
		};
		965895B31B21971B00D854FF /* Supporting Files */ = {
			isa = PBXGroup;
			children = (
				965895B41B21971B00D854FF /* Info.plist */,
			);
			name = "Supporting Files";
			sourceTree = "<group>";
		};
		965895C11B21A47700D854FF /* img */ = {
			isa = PBXGroup;
			children = (
				960FF70D1B3B981F0054CE79 /* b1.png */,
				96ECAE411B2AA9F900551B52 /* icon9.png */,
				96ECAE421B2AA9F900551B52 /* icon10.png */,
				96ECAE431B2AA9F900551B52 /* icon11.png */,
				96ECAE441B2AA9F900551B52 /* icon12.png */,
				96ECAE451B2AA9F900551B52 /* icon13.png */,
				96F3BA5A1B297E9A0004B7E3 /* icon8.png */,
				96F3BA541B297E200004B7E3 /* icon5.png */,
				96F3BA551B297E200004B7E3 /* icon6.png */,
				96F3BA561B297E200004B7E3 /* icon7.png */,
				96F3BA471B2977ED0004B7E3 /* icon2.png */,
				96F3BA481B2977ED0004B7E3 /* icon3.png */,
				96F3BA491B2977ED0004B7E3 /* icon4.png */,
				965895CC1B26DB7300D854FF /* icon1.png */,
			);
			name = img;
			sourceTree = "<group>";
		};
		96F3BA4D1B2977F60004B7E3 /* html */ = {
			isa = PBXGroup;
			children = (
				96ECAE3F1B2A8C3500551B52 /* vothuong.html */,
				96F3BA4E1B297D630004B7E3 /* 10congduc.html */,
				96F3BA4F1B297D630004B7E3 /* 66phatday.html */,
				96F3BA501B297D630004B7E3 /* soluoc.html */,
				96F3BA431B2953990004B7E3 /* chudaibi.html */,
				96F3BA441B2953990004B7E3 /* kinhnhanqua.html */,
				96F3BA3F1B294E200004B7E3 /* NhanQua.html */,
			);
			name = html;
			sourceTree = "<group>";
		};
/* End PBXGroup section */

/* Begin PBXNativeTarget section */
		965895991B21971A00D854FF /* LifeOfTheBuddha */ = {
			isa = PBXNativeTarget;
			buildConfigurationList = 965895B91B21971B00D854FF /* Build configuration list for PBXNativeTarget "LifeOfTheBuddha" */;
			buildPhases = (
				965895961B21971A00D854FF /* Sources */,
				965895971B21971A00D854FF /* Frameworks */,
				965895981B21971A00D854FF /* Resources */,
			);
			buildRules = (
			);
			dependencies = (
			);
			name = LifeOfTheBuddha;
			productName = Buddha2;
			productReference = 9658959A1B21971A00D854FF /* LifeOfTheBuddha.app */;
			productType = "com.apple.product-type.application";
		};
		965895AE1B21971B00D854FF /* LifeOfTheBuddhaTests */ = {
			isa = PBXNativeTarget;
			buildConfigurationList = 965895BC1B21971B00D854FF /* Build configuration list for PBXNativeTarget "LifeOfTheBuddhaTests" */;
			buildPhases = (
				965895AB1B21971B00D854FF /* Sources */,
				965895AC1B21971B00D854FF /* Frameworks */,
				965895AD1B21971B00D854FF /* Resources */,
			);
			buildRules = (
			);
			dependencies = (
				965895B11B21971B00D854FF /* PBXTargetDependency */,
			);
			name = LifeOfTheBuddhaTests;
			productName = Buddha2Tests;
			productReference = 965895AF1B21971B00D854FF /* LifeOfTheBuddhaTests.xctest */;
			productType = "com.apple.product-type.bundle.unit-test";
		};
/* End PBXNativeTarget section */

/* Begin PBXProject section */
		965895921B21971A00D854FF /* Project object */ = {
			isa = PBXProject;
			attributes = {
				LastUpgradeCheck = 0610;
				ORGANIZATIONNAME = "Phuong Nguyen";
				TargetAttributes = {
					965895991B21971A00D854FF = {
						CreatedOnToolsVersion = 6.1.1;
						DevelopmentTeam = 597LVZ4LQD;
					};
					965895AE1B21971B00D854FF = {
						CreatedOnToolsVersion = 6.1.1;
						TestTargetID = 965895991B21971A00D854FF;
					};
				};
			};
			buildConfigurationList = 965895951B21971A00D854FF /* Build configuration list for PBXProject "LifeOfTheBuddha" */;
			compatibilityVersion = "Xcode 3.2";
			developmentRegion = English;
			hasScannedForEncodings = 0;
			knownRegions = (
				en,
				Base,
			);
			mainGroup = 965895911B21971A00D854FF;
			productRefGroup = 9658959B1B21971A00D854FF /* Products */;
			projectDirPath = "";
			projectRoot = "";
			targets = (
				965895991B21971A00D854FF /* LifeOfTheBuddha */,
				965895AE1B21971B00D854FF /* LifeOfTheBuddhaTests */,
			);
		};
/* End PBXProject section */

/* Begin PBXResourcesBuildPhase section */
		965895981B21971A00D854FF /* Resources */ = {
			isa = PBXResourcesBuildPhase;
			buildActionMask = 2147483647;
			files = (
				84A38E5E1BDE141A00795F54 /* p28.jpg in Resources */,
				84A38E601BDE141A00795F54 /* p30.jpg in Resources */,
				84A38E531BDE141A00795F54 /* p17.jpg in Resources */,
				84A38E491BDE141A00795F54 /* p7.jpg in Resources */,
				84A4E33A1BD9EDF80036EAA3 /* 24.html in Resources */,
				84A4E3451BDA34980036EAA3 /* top.png in Resources */,
				84A38E501BDE141A00795F54 /* p14.jpg in Resources */,
				84A4E33B1BD9EDF80036EAA3 /* 25.html in Resources */,
				84A4E3351BD9EDF80036EAA3 /* 19.html in Resources */,
				84A4E32F1BD9EDF80036EAA3 /* 13.html in Resources */,
				84A38E631BDE141A00795F54 /* p33.jpg in Resources */,
				96ECAE401B2A8C3500551B52 /* vothuong.html in Resources */,
				84A4E32A1BD9EDF80036EAA3 /* 8.html in Resources */,
				84A4E3381BD9EDF80036EAA3 /* 22.html in Resources */,
				84A38E431BDE141A00795F54 /* p1.jpg in Resources */,
				96ECAE461B2AA9F900551B52 /* icon9.png in Resources */,
				84A4E33E1BD9EDF80036EAA3 /* 28.html in Resources */,
				84A38E551BDE141A00795F54 /* p19.jpg in Resources */,
				84A38E591BDE141A00795F54 /* p23.jpg in Resources */,
				96F3BA511B297D630004B7E3 /* 10congduc.html in Resources */,
				96F3BA461B2953990004B7E3 /* kinhnhanqua.html in Resources */,
				84A38E611BDE141A00795F54 /* p31.jpg in Resources */,
				96F3BA591B297E200004B7E3 /* icon7.png in Resources */,
				96F3BA531B297D630004B7E3 /* soluoc.html in Resources */,
				84A4E32C1BD9EDF80036EAA3 /* 10.html in Resources */,
				96ECAE491B2AA9F900551B52 /* icon12.png in Resources */,
				84A38E5B1BDE141A00795F54 /* p25.jpg in Resources */,
				96ECAE471B2AA9F900551B52 /* icon10.png in Resources */,
				84A4E3361BD9EDF80036EAA3 /* 20.html in Resources */,
				965895A51B21971A00D854FF /* Main.storyboard in Resources */,
				96ECAE4A1B2AA9F900551B52 /* icon13.png in Resources */,
				84A4E3291BD9EDF80036EAA3 /* 7.html in Resources */,
				84A38E5D1BDE141A00795F54 /* p27.jpg in Resources */,
				96F3BA571B297E200004B7E3 /* icon5.png in Resources */,
				96F3BA521B297D630004B7E3 /* 66phatday.html in Resources */,
				965895AA1B21971A00D854FF /* LaunchScreen.xib in Resources */,
				84A4E3241BD9EDF80036EAA3 /* 2.html in Resources */,
				96F3BA4B1B2977ED0004B7E3 /* icon3.png in Resources */,
				84A38E481BDE141A00795F54 /* p6.jpg in Resources */,
				84A38E5F1BDE141A00795F54 /* p29.jpg in Resources */,
				84A4E33C1BD9EDF80036EAA3 /* 26.html in Resources */,
				84A38E521BDE141A00795F54 /* p16.jpg in Resources */,
				84A4E32D1BD9EDF80036EAA3 /* 11.html in Resources */,
				84A4E3401BD9EDF80036EAA3 /* 30.html in Resources */,
				84A38E561BDE141A00795F54 /* p20.jpg in Resources */,
				84A4E3281BD9EDF80036EAA3 /* 6.html in Resources */,
				84A4E3311BD9EDF80036EAA3 /* 15.html in Resources */,
				84A4E3411BD9EDF80036EAA3 /* 31.html in Resources */,
				84A38E4E1BDE141A00795F54 /* p12.jpg in Resources */,
				84A4E33F1BD9EDF80036EAA3 /* 29.html in Resources */,
				96F3BA4C1B2977ED0004B7E3 /* icon4.png in Resources */,
				84A38E471BDE141A00795F54 /* p5.jpg in Resources */,
				84A38E441BDE141A00795F54 /* p2.jpg in Resources */,
				84A38E641BDE141A00795F54 /* p34.jpg in Resources */,
				84A4E3231BD9EDF80036EAA3 /* 1.html in Resources */,
				84A4E3391BD9EDF80036EAA3 /* 23.html in Resources */,
				96ECAE481B2AA9F900551B52 /* icon11.png in Resources */,
				84A4E3251BD9EDF80036EAA3 /* 3.html in Resources */,
				84A38E5A1BDE141A00795F54 /* p24.jpg in Resources */,
				965895CD1B26DB7300D854FF /* icon1.png in Resources */,
				96F3BA581B297E200004B7E3 /* icon6.png in Resources */,
				84A38E5C1BDE141A00795F54 /* p26.jpg in Resources */,
				84A38E671BDE1FF100795F54 /* ps.jpg in Resources */,
				965895A71B21971A00D854FF /* Images.xcassets in Resources */,
				84A38E571BDE141A00795F54 /* p21.jpg in Resources */,
				96F3BA401B294E200004B7E3 /* NhanQua.html in Resources */,
				84A38E541BDE141A00795F54 /* p18.jpg in Resources */,
				84A4E3301BD9EDF80036EAA3 /* 14.html in Resources */,
				960FF70E1B3B981F0054CE79 /* b1.png in Resources */,
				96F3BA451B2953990004B7E3 /* chudaibi.html in Resources */,
				84A38E581BDE141A00795F54 /* p22.jpg in Resources */,
				84A38E4B1BDE141A00795F54 /* p9.jpg in Resources */,
				84A38E4D1BDE141A00795F54 /* p11.jpg in Resources */,
				84A38E511BDE141A00795F54 /* p15.jpg in Resources */,
				84A4E3321BD9EDF80036EAA3 /* 16.html in Resources */,
				84A4E3261BD9EDF80036EAA3 /* 4.html in Resources */,
				96F3BA4A1B2977ED0004B7E3 /* icon2.png in Resources */,
				84A4E3421BD9EDF80036EAA3 /* 32.html in Resources */,
				84A4E32B1BD9EDF80036EAA3 /* 9.html in Resources */,
				84A4E3371BD9EDF80036EAA3 /* 21.html in Resources */,
				84A4E3331BD9EDF80036EAA3 /* 17.html in Resources */,
				84A4E32E1BD9EDF80036EAA3 /* 12.html in Resources */,
				84A38E461BDE141A00795F54 /* p4.jpg in Resources */,
				84A38E4A1BDE141A00795F54 /* p8.jpg in Resources */,
				84A38E621BDE141A00795F54 /* p32.jpg in Resources */,
				84A4E3341BD9EDF80036EAA3 /* 18.html in Resources */,
				84A38E691BDE240700795F54 /* 33.html in Resources */,
				84A4E3431BD9EDF80036EAA3 /* lifeof_2ndlevel.gif in Resources */,
				84A38E4F1BDE141A00795F54 /* p13.jpg in Resources */,
				84A4E33D1BD9EDF80036EAA3 /* 27.html in Resources */,
				84A38E451BDE141A00795F54 /* p3.jpg in Resources */,
				84A4E3271BD9EDF80036EAA3 /* 5.html in Resources */,
				84A38E651BDE141A00795F54 /* p35.jpg in Resources */,
				96F3BA5B1B297E9A0004B7E3 /* icon8.png in Resources */,
				84A38E4C1BDE141A00795F54 /* p10.jpg in Resources */,
			);
			runOnlyForDeploymentPostprocessing = 0;
		};
		965895AD1B21971B00D854FF /* Resources */ = {
			isa = PBXResourcesBuildPhase;
			buildActionMask = 2147483647;
			files = (
			);
			runOnlyForDeploymentPostprocessing = 0;
		};
/* End PBXResourcesBuildPhase section */

/* Begin PBXSourcesBuildPhase section */
		965895961B21971A00D854FF /* Sources */ = {
			isa = PBXSourcesBuildPhase;
			buildActionMask = 2147483647;
			files = (
				965895C91B26BE4600D854FF /* Varialbes.swift in Sources */,
				965895CB1B26D3D200D854FF /* Data.swift in Sources */,
				965895A21B21971A00D854FF /* ViewController.swift in Sources */,
				965895C71B26BD1E00D854FF /* WebDetailViewController.swift in Sources */,
				965895C51B21AA5400D854FF /* DetailViewController.swift in Sources */,
				965895A01B21971A00D854FF /* AppDelegate.swift in Sources */,
			);
			runOnlyForDeploymentPostprocessing = 0;
		};
		965895AB1B21971B00D854FF /* Sources */ = {
			isa = PBXSourcesBuildPhase;
			buildActionMask = 2147483647;
			files = (
				965895B61B21971B00D854FF /* Buddha2Tests.swift in Sources */,
			);
			runOnlyForDeploymentPostprocessing = 0;
		};
/* End PBXSourcesBuildPhase section */

/* Begin PBXTargetDependency section */
		965895B11B21971B00D854FF /* PBXTargetDependency */ = {
			isa = PBXTargetDependency;
			target = 965895991B21971A00D854FF /* LifeOfTheBuddha */;
			targetProxy = 965895B01B21971B00D854FF /* PBXContainerItemProxy */;
		};
/* End PBXTargetDependency section */

/* Begin PBXVariantGroup section */
		965895A31B21971A00D854FF /* Main.storyboard */ = {
			isa = PBXVariantGroup;
			children = (
				965895A41B21971A00D854FF /* Base */,
			);
			name = Main.storyboard;
			sourceTree = "<group>";
		};
		965895A81B21971A00D854FF /* LaunchScreen.xib */ = {
			isa = PBXVariantGroup;
			children = (
				965895A91B21971A00D854FF /* Base */,
			);
			name = LaunchScreen.xib;
			sourceTree = "<group>";
		};
/* End PBXVariantGroup section */

/* Begin XCBuildConfiguration section */
		965895B71B21971B00D854FF /* Debug */ = {
			isa = XCBuildConfiguration;
			buildSettings = {
				ALWAYS_SEARCH_USER_PATHS = NO;
				CLANG_CXX_LANGUAGE_STANDARD = "gnu++0x";
				CLANG_CXX_LIBRARY = "libc++";
				CLANG_ENABLE_MODULES = YES;
				CLANG_ENABLE_OBJC_ARC = YES;
				CLANG_WARN_BOOL_CONVERSION = YES;
				CLANG_WARN_CONSTANT_CONVERSION = YES;
				CLANG_WARN_DIRECT_OBJC_ISA_USAGE = YES_ERROR;
				CLANG_WARN_EMPTY_BODY = YES;
				CLANG_WARN_ENUM_CONVERSION = YES;
				CLANG_WARN_INT_CONVERSION = YES;
				CLANG_WARN_OBJC_ROOT_CLASS = YES_ERROR;
				CLANG_WARN_UNREACHABLE_CODE = YES;
				CLANG_WARN__DUPLICATE_METHOD_MATCH = YES;
				"CODE_SIGN_IDENTITY[sdk=iphoneos*]" = "iPhone Developer";
				COPY_PHASE_STRIP = NO;
				ENABLE_STRICT_OBJC_MSGSEND = YES;
				GCC_C_LANGUAGE_STANDARD = gnu99;
				GCC_DYNAMIC_NO_PIC = NO;
				GCC_OPTIMIZATION_LEVEL = 0;
				GCC_PREPROCESSOR_DEFINITIONS = (
					"DEBUG=1",
					"$(inherited)",
				);
				GCC_SYMBOLS_PRIVATE_EXTERN = NO;
				GCC_WARN_64_TO_32_BIT_CONVERSION = YES;
				GCC_WARN_ABOUT_RETURN_TYPE = YES_ERROR;
				GCC_WARN_UNDECLARED_SELECTOR = YES;
				GCC_WARN_UNINITIALIZED_AUTOS = YES_AGGRESSIVE;
				GCC_WARN_UNUSED_FUNCTION = YES;
				GCC_WARN_UNUSED_VARIABLE = YES;
				IPHONEOS_DEPLOYMENT_TARGET = 8.1;
				MTL_ENABLE_DEBUG_INFO = YES;
				ONLY_ACTIVE_ARCH = YES;
				SDKROOT = iphoneos;
				SWIFT_OPTIMIZATION_LEVEL = "-Onone";
				TARGETED_DEVICE_FAMILY = "1,2";
			};
			name = Debug;
		};
		965895B81B21971B00D854FF /* Release */ = {
			isa = XCBuildConfiguration;
			buildSettings = {
				ALWAYS_SEARCH_USER_PATHS = NO;
				CLANG_CXX_LANGUAGE_STANDARD = "gnu++0x";
				CLANG_CXX_LIBRARY = "libc++";
				CLANG_ENABLE_MODULES = YES;
				CLANG_ENABLE_OBJC_ARC = YES;
				CLANG_WARN_BOOL_CONVERSION = YES;
				CLANG_WARN_CONSTANT_CONVERSION = YES;
				CLANG_WARN_DIRECT_OBJC_ISA_USAGE = YES_ERROR;
				CLANG_WARN_EMPTY_BODY = YES;
				CLANG_WARN_ENUM_CONVERSION = YES;
				CLANG_WARN_INT_CONVERSION = YES;
				CLANG_WARN_OBJC_ROOT_CLASS = YES_ERROR;
				CLANG_WARN_UNREACHABLE_CODE = YES;
				CLANG_WARN__DUPLICATE_METHOD_MATCH = YES;
				"CODE_SIGN_IDENTITY[sdk=iphoneos*]" = "iPhone Developer";
				COPY_PHASE_STRIP = YES;
				ENABLE_NS_ASSERTIONS = NO;
				ENABLE_STRICT_OBJC_MSGSEND = YES;
				GCC_C_LANGUAGE_STANDARD = gnu99;
				GCC_WARN_64_TO_32_BIT_CONVERSION = YES;
				GCC_WARN_ABOUT_RETURN_TYPE = YES_ERROR;
				GCC_WARN_UNDECLARED_SELECTOR = YES;
				GCC_WARN_UNINITIALIZED_AUTOS = YES_AGGRESSIVE;
				GCC_WARN_UNUSED_FUNCTION = YES;
				GCC_WARN_UNUSED_VARIABLE = YES;
				IPHONEOS_DEPLOYMENT_TARGET = 8.1;
				MTL_ENABLE_DEBUG_INFO = NO;
				SDKROOT = iphoneos;
				TARGETED_DEVICE_FAMILY = "1,2";
				VALIDATE_PRODUCT = YES;
			};
			name = Release;
		};
		965895BA1B21971B00D854FF /* Debug */ = {
			isa = XCBuildConfiguration;
			buildSettings = {
				ASSETCATALOG_COMPILER_APPICON_NAME = AppIcon;
				ASSETCATALOG_COMPILER_LAUNCHIMAGE_NAME = LaunchImage;
				CODE_SIGN_IDENTITY = "iPhone Developer";
				"CODE_SIGN_IDENTITY[sdk=iphoneos*]" = "iPhone Developer";
				FRAMEWORK_SEARCH_PATHS = (
					"$(inherited)",
					"$(PROJECT_DIR)",
				);
				INFOPLIST_FILE = Buddha2/Info.plist;
				IPHONEOS_DEPLOYMENT_TARGET = 7.1;
				LD_RUNPATH_SEARCH_PATHS = "$(inherited) @executable_path/Frameworks";
				LIBRARY_SEARCH_PATHS = (
					"$(inherited)",
					"$(PROJECT_DIR)/Airpush_iOS_SDK_V1.4",
				);
				OTHER_LDFLAGS = "-ObjC";
				PRODUCT_NAME = LifeOfTheBuddha;
				PROVISIONING_PROFILE = "";
				SWIFT_OBJC_BRIDGING_HEADER = "vuonhoa-Bridging-header.h";
			};
			name = Debug;
		};
		965895BB1B21971B00D854FF /* Release */ = {
			isa = XCBuildConfiguration;
			buildSettings = {
				ASSETCATALOG_COMPILER_APPICON_NAME = AppIcon;
				ASSETCATALOG_COMPILER_LAUNCHIMAGE_NAME = LaunchImage;
				CODE_SIGN_IDENTITY = "iPhone Developer";
				"CODE_SIGN_IDENTITY[sdk=iphoneos*]" = "iPhone Developer";
				FRAMEWORK_SEARCH_PATHS = (
					"$(inherited)",
					"$(PROJECT_DIR)",
				);
				INFOPLIST_FILE = Buddha2/Info.plist;
				IPHONEOS_DEPLOYMENT_TARGET = 7.1;
				LD_RUNPATH_SEARCH_PATHS = "$(inherited) @executable_path/Frameworks";
				LIBRARY_SEARCH_PATHS = (
					"$(inherited)",
					"$(PROJECT_DIR)/Airpush_iOS_SDK_V1.4",
				);
				OTHER_LDFLAGS = "-ObjC";
				PRODUCT_NAME = LifeOfTheBuddha;
				PROVISIONING_PROFILE = "";
				SWIFT_OBJC_BRIDGING_HEADER = "vuonhoa-Bridging-header.h";
			};
			name = Release;
		};
		965895BD1B21971B00D854FF /* Debug */ = {
			isa = XCBuildConfiguration;
			buildSettings = {
				BUNDLE_LOADER = "$(TEST_HOST)";
				FRAMEWORK_SEARCH_PATHS = (
					"$(SDKROOT)/Developer/Library/Frameworks",
					"$(inherited)",
				);
				GCC_PREPROCESSOR_DEFINITIONS = (
					"DEBUG=1",
					"$(inherited)",
				);
				INFOPLIST_FILE = Buddha2Tests/Info.plist;
				LD_RUNPATH_SEARCH_PATHS = "$(inherited) @executable_path/Frameworks @loader_path/Frameworks";
				PRODUCT_NAME = LifeOfTheBuddhaTests;
				TEST_HOST = "$(BUILT_PRODUCTS_DIR)/LifeOfTheBuddha.app/LifeOfTheBuddha";
			};
			name = Debug;
		};
		965895BE1B21971B00D854FF /* Release */ = {
			isa = XCBuildConfiguration;
			buildSettings = {
				BUNDLE_LOADER = "$(TEST_HOST)";
				FRAMEWORK_SEARCH_PATHS = (
					"$(SDKROOT)/Developer/Library/Frameworks",
					"$(inherited)",
				);
				INFOPLIST_FILE = Buddha2Tests/Info.plist;
				LD_RUNPATH_SEARCH_PATHS = "$(inherited) @executable_path/Frameworks @loader_path/Frameworks";
				PRODUCT_NAME = LifeOfTheBuddhaTests;
				TEST_HOST = "$(BUILT_PRODUCTS_DIR)/LifeOfTheBuddha.app/LifeOfTheBuddha";
			};
			name = Release;
		};
/* End XCBuildConfiguration section */

/* Begin XCConfigurationList section */
		965895951B21971A00D854FF /* Build configuration list for PBXProject "LifeOfTheBuddha" */ = {
			isa = XCConfigurationList;
			buildConfigurations = (
				965895B71B21971B00D854FF /* Debug */,
				965895B81B21971B00D854FF /* Release */,
			);
			defaultConfigurationIsVisible = 0;
			defaultConfigurationName = Release;
		};
		965895B91B21971B00D854FF /* Build configuration list for PBXNativeTarget "LifeOfTheBuddha" */ = {
			isa = XCConfigurationList;
			buildConfigurations = (
				965895BA1B21971B00D854FF /* Debug */,
				965895BB1B21971B00D854FF /* Release */,
			);
			defaultConfigurationIsVisible = 0;
			defaultConfigurationName = Release;
		};
		965895BC1B21971B00D854FF /* Build configuration list for PBXNativeTarget "LifeOfTheBuddhaTests" */ = {
			isa = XCConfigurationList;
			buildConfigurations = (
				965895BD1B21971B00D854FF /* Debug */,
				965895BE1B21971B00D854FF /* Release */,
			);
			defaultConfigurationIsVisible = 0;
			defaultConfigurationName = Release;
		};
/* End XCConfigurationList section */
	};
	rootObject = 965895921B21971A00D854FF /* Project object */;
}
